
Microsoft Visual Studio Solution File, Format Version 12.00
# Visual Studio Version 17
VisualStudioVersion = 17.0.31903.59
MinimumVisualStudioVersion = 10.0.40219.1
Project("{FAE04EC0-301F-11D3-BF4B-00C04F79EFBC}") = "ImageService", "ImageService\ImageService.csproj", "{F409979A-C2D4-46B1-B4E6-B49FDFF5A148}"
EndProject
Project("{FAE04EC0-301F-11D3-BF4B-00C04F79EFBC}") = "Models", "Models\Models.csproj", "{747881F5-5FB5-48F7-942C-679E4811B7A1}"
EndProject
Project("{FAE04EC0-301F-11D3-BF4B-00C04F79EFBC}") = "ConsoleApp1", "ConsoleApp1\ConsoleApp1.csproj", "{6F7AC93B-391D-48D5-A74E-8DC11A508B2F}"
EndProject
Global
	GlobalSection(SolutionConfigurationPlatforms) = preSolution
		Debug|Any CPU = Debug|Any CPU
		Release|Any CPU = Release|Any CPU
	EndGlobalSection
	GlobalSection(ProjectConfigurationPlatforms) = postSolution
		{F409979A-C2D4-46B1-B4E6-B49FDFF5A148}.Debug|Any CPU.ActiveCfg = Debug|Any CPU
		{F409979A-C2D4-46B1-B4E6-B49FDFF5A148}.Debug|Any CPU.Build.0 = Debug|Any CPU
		{F409979A-C2D4-46B1-B4E6-B49FDFF5A148}.Release|Any CPU.ActiveCfg = Release|Any CPU
		{F409979A-C2D4-46B1-B4E6-B49FDFF5A148}.Release|Any CPU.Build.0 = Release|Any CPU
		{747881F5-5FB5-48F7-942C-679E4811B7A1}.Debug|Any CPU.ActiveCfg = Debug|Any CPU
		{747881F5-5FB5-48F7-942C-679E4811B7A1}.Debug|Any CPU.Build.0 = Debug|Any CPU
		{747881F5-5FB5-48F7-942C-679E4811B7A1}.Release|Any CPU.ActiveCfg = Release|Any CPU
		{747881F5-5FB5-48F7-942C-679E4811B7A1}.Release|Any CPU.Build.0 = Release|Any CPU
		{6F7AC93B-391D-48D5-A74E-8DC11A508B2F}.Debug|Any CPU.ActiveCfg = Debug|Any CPU
		{6F7AC93B-391D-48D5-A74E-8DC11A508B2F}.Debug|Any CPU.Build.0 = Debug|Any CPU
		{6F7AC93B-391D-48D5-A74E-8DC11A508B2F}.Release|Any CPU.ActiveCfg = Release|Any CPU
		{6F7AC93B-391D-48D5-A74E-8DC11A508B2F}.Release|Any CPU.Build.0 = Release|Any CPU
	EndGlobalSection
	GlobalSection(SolutionProperties) = preSolution
		HideSolutionNode = FALSE
	EndGlobalSection
	GlobalSection(ExtensibilityGlobals) = postSolution
		SolutionGuid = {61E568F4-74DE-4CE0-BC17-3114623A4D72}
	EndGlobalSection
EndGlobal
